// !$*UTF8*$!
{
	archiveVersion = 1;
	classes = {
	};
	objectVersion = 50;
	objects = {

/* Begin PBXBuildFile section */
		7E739F3526BEEE53008C60FC /* SwiftUICardApp.swift in Sources */ = {isa = PBXBuildFile; fileRef = 7E739F3426BEEE53008C60FC /* SwiftUICardApp.swift */; };
		7E739F3726BEEE53008C60FC /* ContentView.swift in Sources */ = {isa = PBXBuildFile; fileRef = 7E739F3626BEEE53008C60FC /* ContentView.swift */; };
		7E739F3926BEEE55008C60FC /* Assets.xcassets in Resources */ = {isa = PBXBuildFile; fileRef = 7E739F3826BEEE55008C60FC /* Assets.xcassets */; };
		7E739F3C26BEEE55008C60FC /* Preview Assets.xcassets in Resources */ = {isa = PBXBuildFile; fileRef = 7E739F3B26BEEE55008C60FC /* Preview Assets.xcassets */; };
		7EE86CB826BF0EB90045ADE3 /* Pacifico-Regular.ttf in Resources */ = {isa = PBXBuildFile; fileRef = 7EE86CB726BF0EB90045ADE3 /* Pacifico-Regular.ttf */; };
		7EE86CBA26BF0EF70045ADE3 /* Launch Screen.storyboard in Resources */ = {isa = PBXBuildFile; fileRef = 7EE86CB926BF0EF70045ADE3 /* Launch Screen.storyboard */; };
		7EE86CBC26BF1C670045ADE3 /* InfoView.swift in Sources */ = {isa = PBXBuildFile; fileRef = 7EE86CBB26BF1C670045ADE3 /* InfoView.swift */; };
/* End PBXBuildFile section */

/* Begin PBXFileReference section */
		7E739F3126BEEE53008C60FC /* SwiftUICard.app */ = {isa = PBXFileReference; explicitFileType = wrapper.application; includeInIndex = 0; path = SwiftUICard.app; sourceTree = BUILT_PRODUCTS_DIR; };
		7E739F3426BEEE53008C60FC /* SwiftUICardApp.swift */ = {isa = PBXFileReference; lastKnownFileType = sourcecode.swift; path = SwiftUICardApp.swift; sourceTree = "<group>"; };
		7E739F3626BEEE53008C60FC /* ContentView.swift */ = {isa = PBXFileReference; lastKnownFileType = sourcecode.swift; path = ContentView.swift; sourceTree = "<group>"; };
		7E739F3826BEEE55008C60FC /* Assets.xcassets */ = {isa = PBXFileReference; lastKnownFileType = folder.assetcatalog; path = Assets.xcassets; sourceTree = "<group>"; };
		7E739F3B26BEEE55008C60FC /* Preview Assets.xcassets */ = {isa = PBXFileReference; lastKnownFileType = folder.assetcatalog; path = "Preview Assets.xcassets"; sourceTree = "<group>"; };
		7E739F3D26BEEE55008C60FC /* Info.plist */ = {isa = PBXFileReference; lastKnownFileType = text.plist.xml; path = Info.plist; sourceTree = "<group>"; };
		7EE86CB726BF0EB90045ADE3 /* Pacifico-Regular.ttf */ = {isa = PBXFileReference; lastKnownFileType = file; path = "Pacifico-Regular.ttf"; sourceTree = "<group>"; };
		7EE86CB926BF0EF70045ADE3 /* Launch Screen.storyboard */ = {isa = PBXFileReference; lastKnownFileType = file.storyboard; path = "Launch Screen.storyboard"; sourceTree = "<group>"; };
		7EE86CBB26BF1C670045ADE3 /* InfoView.swift */ = {isa = PBXFileReference; lastKnownFileType = sourcecode.swift; path = InfoView.swift; sourceTree = "<group>"; };
/* End PBXFileReference section */

/* Begin PBXFrameworksBuildPhase section */
		7E739F2E26BEEE53008C60FC /* Frameworks */ = {
			isa = PBXFrameworksBuildPhase;
			buildActionMask = 2147483647;
			files = (
			);
			runOnlyForDeploymentPostprocessing = 0;
		};
/* End PBXFrameworksBuildPhase section */

/* Begin PBXGroup section */
		7E739F2826BEEE53008C60FC = {
			isa = PBXGroup;
			children = (
				7E739F3326BEEE53008C60FC /* SwiftUICard */,
				7E739F3226BEEE53008C60FC /* Products */,
			);
			sourceTree = "<group>";
		};
		7E739F3226BEEE53008C60FC /* Products */ = {
			isa = PBXGroup;
			children = (
				7E739F3126BEEE53008C60FC /* SwiftUICard.app */,
			);
			name = Products;
			sourceTree = "<group>";
		};
		7E739F3326BEEE53008C60FC /* SwiftUICard */ = {
			isa = PBXGroup;
			children = (
				7EE86CB626BF0E940045ADE3 /* fonts */,
				7E739F3426BEEE53008C60FC /* SwiftUICardApp.swift */,
				7E739F3626BEEE53008C60FC /* ContentView.swift */,
				7E739F3826BEEE55008C60FC /* Assets.xcassets */,
				7E739F3D26BEEE55008C60FC /* Info.plist */,
				7E739F3A26BEEE55008C60FC /* Preview Content */,
				7EE86CB926BF0EF70045ADE3 /* Launch Screen.storyboard */,
				7EE86CBB26BF1C670045ADE3 /* InfoView.swift */,
			);
			path = SwiftUICard;
			sourceTree = "<group>";
		};
		7E739F3A26BEEE55008C60FC /* Preview Content */ = {
			isa = PBXGroup;
			children = (
				7E739F3B26BEEE55008C60FC /* Preview Assets.xcassets */,
			);
			path = "Preview Content";
			sourceTree = "<group>";
		};
		7EE86CB626BF0E940045ADE3 /* fonts */ = {
			isa = PBXGroup;
			children = (
				7EE86CB726BF0EB90045ADE3 /* Pacifico-Regular.ttf */,
			);
			path = fonts;
			sourceTree = "<group>";
		};
/* End PBXGroup section */

/* Begin PBXNativeTarget section */
		7E739F3026BEEE53008C60FC /* SwiftUICard */ = {
			isa = PBXNativeTarget;
			buildConfigurationList = 7E739F4026BEEE55008C60FC /* Build configuration list for PBXNativeTarget "SwiftUICard" */;
			buildPhases = (
				7E739F2D26BEEE53008C60FC /* Sources */,
				7E739F2E26BEEE53008C60FC /* Frameworks */,
				7E739F2F26BEEE53008C60FC /* Resources */,
			);
			buildRules = (
			);
			dependencies = (
			);
			name = SwiftUICard;
			productName = SwiftUICard;
			productReference = 7E739F3126BEEE53008C60FC /* SwiftUICard.app */;
			productType = "com.apple.product-type.application";
		};
/* End PBXNativeTarget section */

/* Begin PBXProject section */
		7E739F2926BEEE53008C60FC /* Project object */ = {
			isa = PBXProject;
			attributes = {
				LastSwiftUpdateCheck = 1250;
				LastUpgradeCheck = 1250;
				TargetAttributes = {
					7E739F3026BEEE53008C60FC = {
						CreatedOnToolsVersion = 12.5.1;
					};
				};
			};
			buildConfigurationList = 7E739F2C26BEEE53008C60FC /* Build configuration list for PBXProject "SwiftUICard" */;
			compatibilityVersion = "Xcode 9.3";
			developmentRegion = en;
			hasScannedForEncodings = 0;
			knownRegions = (
				en,
				Base,
			);
			mainGroup = 7E739F2826BEEE53008C60FC;
			productRefGroup = 7E739F3226BEEE53008C60FC /* Products */;
			projectDirPath = "";
			projectRoot = "";
			targets = (
				7E739F3026BEEE53008C60FC /* SwiftUICard */,
			);
		};
/* End PBXProject section */

/* Begin PBXResourcesBuildPhase section */
		7E739F2F26BEEE53008C60FC /* Resources */ = {
			isa = PBXResourcesBuildPhase;
			buildActionMask = 2147483647;
			files = (
				7EE86CB826BF0EB90045ADE3 /* Pacifico-Regular.ttf in Resources */,
				7E739F3C26BEEE55008C60FC /* Preview Assets.xcassets in Resources */,
				7EE86CBA26BF0EF70045ADE3 /* Launch Screen.storyboard in Resources */,
				7E739F3926BEEE55008C60FC /* Assets.xcassets in Resources */,
			);
			runOnlyForDeploymentPostprocessing = 0;
		};
/* End PBXResourcesBuildPhase section */

/* Begin PBXSourcesBuildPhase section */
		7E739F2D26BEEE53008C60FC /* Sources */ = {
			isa = PBXSourcesBuildPhase;
			buildActionMask = 2147483647;
			files = (
				7E739F3726BEEE53008C60FC /* ContentView.swift in Sources */,
				7EE86CBC26BF1C670045ADE3 /* InfoView.swift in Sources */,
				7E739F3526BEEE53008C60FC /* SwiftUICardApp.swift in Sources */,
			);
			runOnlyForDeploymentPostprocessing = 0;
		};
/* End PBXSourcesBuildPhase section */

/* Begin XCBuildConfiguration section */
		7E739F3E26BEEE55008C60FC /* Debug */ = {
			isa = XCBuildConfiguration;
			buildSettings = {
				ALWAYS_SEARCH_USER_PATHS = NO;
				CLANG_ANALYZER_NONNULL = YES;
				CLANG_ANALYZER_NUMBER_OBJECT_CONVERSION = YES_AGGRESSIVE;
				CLANG_CXX_LANGUAGE_STANDARD = "gnu++14";
				CLANG_CXX_LIBRARY = "libc++";
				CLANG_ENABLE_MODULES = YES;
				CLANG_ENABLE_OBJC_ARC = YES;
				CLANG_ENABLE_OBJC_WEAK = YES;
				CLANG_WARN_BLOCK_CAPTURE_AUTORELEASING = YES;
				CLANG_WARN_BOOL_CONVERSION = YES;
				CLANG_WARN_COMMA = YES;
				CLANG_WARN_CONSTANT_CONVERSION = YES;
				CLANG_WARN_DEPRECATED_OBJC_IMPLEMENTATIONS = YES;
				CLANG_WARN_DIRECT_OBJC_ISA_USAGE = YES_ERROR;
				CLANG_WARN_DOCUMENTATION_COMMENTS = YES;
				CLANG_WARN_EMPTY_BODY = YES;
				CLANG_WARN_ENUM_CONVERSION = YES;
				CLANG_WARN_INFINITE_RECURSION = YES;
				CLANG_WARN_INT_CONVERSION = YES;
				CLANG_WARN_NON_LITERAL_NULL_CONVERSION = YES;
				CLANG_WARN_OBJC_IMPLICIT_RETAIN_SELF = YES;
				CLANG_WARN_OBJC_LITERAL_CONVERSION = YES;
				CLANG_WARN_OBJC_ROOT_CLASS = YES_ERROR;
				CLANG_WARN_QUOTED_INCLUDE_IN_FRAMEWORK_HEADER = YES;
				CLANG_WARN_RANGE_LOOP_ANALYSIS = YES;
				CLANG_WARN_STRICT_PROTOTYPES = YES;
				CLANG_WARN_SUSPICIOUS_MOVE = YES;
				CLANG_WARN_UNGUARDED_AVAILABILITY = YES_AGGRESSIVE;
				CLANG_WARN_UNREACHABLE_CODE = YES;
				CLANG_WARN__DUPLICATE_METHOD_MATCH = YES;
				COPY_PHASE_STRIP = NO;
				DEBUG_INFORMATION_FORMAT = dwarf;
				ENABLE_STRICT_OBJC_MSGSEND = YES;
				ENABLE_TESTABILITY = YES;
				GCC_C_LANGUAGE_STANDARD = gnu11;
				GCC_DYNAMIC_NO_PIC = NO;
				GCC_NO_COMMON_BLOCKS = YES;
				GCC_OPTIMIZATION_LEVEL = 0;
				GCC_PREPROCESSOR_DEFINITIONS = (
					"DEBUG=1",
					"$(inherited)",
				);
				GCC_WARN_64_TO_32_BIT_CONVERSION = YES;
				GCC_WARN_ABOUT_RETURN_TYPE = YES_ERROR;
				GCC_WARN_UNDECLARED_SELECTOR = YES;
				GCC_WARN_UNINITIALIZED_AUTOS = YES_AGGRESSIVE;
				GCC_WARN_UNUSED_FUNCTION = YES;
				GCC_WARN_UNUSED_VARIABLE = YES;
				IPHONEOS_DEPLOYMENT_TARGET = 14.5;
				MTL_ENABLE_DEBUG_INFO = INCLUDE_SOURCE;
				MTL_FAST_MATH = YES;
				ONLY_ACTIVE_ARCH = YES;
				SDKROOT = iphoneos;
				SWIFT_ACTIVE_COMPILATION_CONDITIONS = DEBUG;
				SWIFT_OPTIMIZATION_LEVEL = "-Onone";
			};
			name = Debug;
		};
		7E739F3F26BEEE55008C60FC /* Release */ = {
			isa = XCBuildConfiguration;
			buildSettings = {
				ALWAYS_SEARCH_USER_PATHS = NO;
				CLANG_ANALYZER_NONNULL = YES;
				CLANG_ANALYZER_NUMBER_OBJECT_CONVERSION = YES_AGGRESSIVE;
				CLANG_CXX_LANGUAGE_STANDARD = "gnu++14";
				CLANG_CXX_LIBRARY = "libc++";
				CLANG_ENABLE_MODULES = YES;
				CLANG_ENABLE_OBJC_ARC = YES;
				CLANG_ENABLE_OBJC_WEAK = YES;
				CLANG_WARN_BLOCK_CAPTURE_AUTORELEASING = YES;
				CLANG_WARN_BOOL_CONVERSION = YES;
				CLANG_WARN_COMMA = YES;
				CLANG_WARN_CONSTANT_CONVERSION = YES;
				CLANG_WARN_DEPRECATED_OBJC_IMPLEMENTATIONS = YES;
				CLANG_WARN_DIRECT_OBJC_ISA_USAGE = YES_ERROR;
				CLANG_WARN_DOCUMENTATION_COMMENTS = YES;
				CLANG_WARN_EMPTY_BODY = YES;
				CLANG_WARN_ENUM_CONVERSION = YES;
				CLANG_WARN_INFINITE_RECURSION = YES;
				CLANG_WARN_INT_CONVERSION = YES;
				CLANG_WARN_NON_LITERAL_NULL_CONVERSION = YES;
				CLANG_WARN_OBJC_IMPLICIT_RETAIN_SELF = YES;
				CLANG_WARN_OBJC_LITERAL_CONVERSION = YES;
				CLANG_WARN_OBJC_ROOT_CLASS = YES_ERROR;
				CLANG_WARN_QUOTED_INCLUDE_IN_FRAMEWORK_HEADER = YES;
				CLANG_WARN_RANGE_LOOP_ANALYSIS = YES;
				CLANG_WARN_STRICT_PROTOTYPES = YES;
				CLANG_WARN_SUSPICIOUS_MOVE = YES;
				CLANG_WARN_UNGUARDED_AVAILABILITY = YES_AGGRESSIVE;
				CLANG_WARN_UNREACHABLE_CODE = YES;
				CLANG_WARN__DUPLICATE_METHOD_MATCH = YES;
				COPY_PHASE_STRIP = NO;
				DEBUG_INFORMATION_FORMAT = "dwarf-with-dsym";
				ENABLE_NS_ASSERTIONS = NO;
				ENABLE_STRICT_OBJC_MSGSEND = YES;
				GCC_C_LANGUAGE_STANDARD = gnu11;
				GCC_NO_COMMON_BLOCKS = YES;
				GCC_WARN_64_TO_32_BIT_CONVERSION = YES;
				GCC_WARN_ABOUT_RETURN_TYPE = YES_ERROR;
				GCC_WARN_UNDECLARED_SELECTOR = YES;
				GCC_WARN_UNINITIALIZED_AUTOS = YES_AGGRESSIVE;
				GCC_WARN_UNUSED_FUNCTION = YES;
				GCC_WARN_UNUSED_VARIABLE = YES;
				IPHONEOS_DEPLOYMENT_TARGET = 14.5;
				MTL_ENABLE_DEBUG_INFO = NO;
				MTL_FAST_MATH = YES;
				SDKROOT = iphoneos;
				SWIFT_COMPILATION_MODE = wholemodule;
				SWIFT_OPTIMIZATION_LEVEL = "-O";
				VALIDATE_PRODUCT = YES;
			};
			name = Release;
		};
		7E739F4126BEEE55008C60FC /* Debug */ = {
			isa = XCBuildConfiguration;
			buildSettings = {
				ASSETCATALOG_COMPILER_APPICON_NAME = AppIcon;
				ASSETCATALOG_COMPILER_GLOBAL_ACCENT_COLOR_NAME = AccentColor;
				CODE_SIGN_STYLE = Automatic;
				DEVELOPMENT_ASSET_PATHS = "\"SwiftUICard/Preview Content\"";
				DEVELOPMENT_TEAM = 3NHDGNZJX6;
				ENABLE_PREVIEWS = YES;
				INFOPLIST_FILE = SwiftUICard/Info.plist;
				IPHONEOS_DEPLOYMENT_TARGET = 14.0;
				LD_RUNPATH_SEARCH_PATHS = (
					"$(inherited)",
					"@executable_path/Frameworks",
				);
				PRODUCT_BUNDLE_IDENTIFIER = com.vrufov.SwiftUICard;
				PRODUCT_NAME = "$(TARGET_NAME)";
				SWIFT_VERSION = 5.0;
				TARGETED_DEVICE_FAMILY = "1,2";
			};
			name = Debug;
		};
		7E739F4226BEEE55008C60FC /* Release */ = {
			isa = XCBuildConfiguration;
			buildSettings = {
				ASSETCATALOG_COMPILER_APPICON_NAME = AppIcon;
				ASSETCATALOG_COMPILER_GLOBAL_ACCENT_COLOR_NAME = AccentColor;
				CODE_SIGN_STYLE = Automatic;
				DEVELOPMENT_ASSET_PATHS = "\"SwiftUICard/Preview Content\"";
				DEVELOPMENT_TEAM = 3NHDGNZJX6;
				ENABLE_PREVIEWS = YES;
				INFOPLIST_FILE = SwiftUICard/Info.plist;
				IPHONEOS_DEPLOYMENT_TARGET = 14.0;
				LD_RUNPATH_SEARCH_PATHS = (
					"$(inherited)",
					"@executable_path/Frameworks",
				);
				PRODUCT_BUNDLE_IDENTIFIER = com.vrufov.SwiftUICard;
				PRODUCT_NAME = "$(TARGET_NAME)";
				SWIFT_VERSION = 5.0;
				TARGETED_DEVICE_FAMILY = "1,2";
			};
			name = Release;
		};
/* End XCBuildConfiguration section */

/* Begin XCConfigurationList section */
		7E739F2C26BEEE53008C60FC /* Build configuration list for PBXProject "SwiftUICard" */ = {
			isa = XCConfigurationList;
			buildConfigurations = (
				7E739F3E26BEEE55008C60FC /* Debug */,
				7E739F3F26BEEE55008C60FC /* Release */,
			);
			defaultConfigurationIsVisible = 0;
			defaultConfigurationName = Release;
		};
		7E739F4026BEEE55008C60FC /* Build configuration list for PBXNativeTarget "SwiftUICard" */ = {
			isa = XCConfigurationList;
			buildConfigurations = (
				7E739F4126BEEE55008C60FC /* Debug */,
				7E739F4226BEEE55008C60FC /* Release */,
			);
			defaultConfigurationIsVisible = 0;
			defaultConfigurationName = Release;
		};
/* End XCConfigurationList section */
	};
	rootObject = 7E739F2926BEEE53008C60FC /* Project object */;
}
